
Microsoft Visual Studio Solution File, Format Version 12.00
# Visual Studio Version 17
VisualStudioVersion = 17.6.33829.357
MinimumVisualStudioVersion = 10.0.40219.1
Project("{FAE04EC0-301F-11D3-BF4B-00C04F79EFBC}") = "QingSongJiZhang", "QingSongJiZhang.csproj", "{6ADB782A-A800-4242-B09F-55BFA5FD2741}"
EndProject
Global
	GlobalSection(SolutionConfigurationPlatforms) = preSolution
		Debug|Any CPU = Debug|Any CPU
		Release|Any CPU = Release|Any CPU
	EndGlobalSection
	GlobalSection(ProjectConfigurationPlatforms) = postSolution
		{6ADB782A-A800-4242-B09F-55BFA5FD2741}.Debug|Any CPU.ActiveCfg = Debug|Any CPU
		{6ADB782A-A800-4242-B09F-55BFA5FD2741}.Debug|Any CPU.Build.0 = Debug|Any CPU
		{6ADB782A-A800-4242-B09F-55BFA5FD2741}.Release|Any CPU.ActiveCfg = Release|Any CPU
		{6ADB782A-A800-4242-B09F-55BFA5FD2741}.Release|Any CPU.Build.0 = Release|Any CPU
	EndGlobalSection
	GlobalSection(SolutionProperties) = preSolution
		HideSolutionNode = FALSE
	EndGlobalSection
	GlobalSection(ExtensibilityGlobals) = postSolution
		SolutionGuid = {F2414857-5306-49C2-9485-A9D387ED344A}
	EndGlobalSection
EndGlobal
